
Microsoft Visual Studio Solution File, Format Version 12.00
# Visual Studio Version 17
VisualStudioVersion = 17.11.35327.3
MinimumVisualStudioVersion = 10.0.40219.1
Project("{2150E333-8FDC-42A3-9474-1A3956D46DE8}") = "Circus", "Circus", "{B0710E44-79C3-4D92-9466-CFCDC8CF6BEC}"
EndProject
Project("{2150E333-8FDC-42A3-9474-1A3956D46DE8}") = "person-crud", "person-crud", "{C55CD1D0-D8E0-4716-8412-86ACF1D01CDF}"
EndProject
Project("{9A19103F-16F7-4668-BE54-9A1E7A4F7556}") = "Circus.Tests", "circus\Circus.Tests\Circus.Tests.csproj", "{5DBDF178-89D0-4852-BE54-900009E48431}"
EndProject
Project("{9A19103F-16F7-4668-BE54-9A1E7A4F7556}") = "Circus.App", "circus\Circus.App\Circus.App.csproj", "{E4EC950F-4843-4B73-AD40-0DEE93E7B22A}"
EndProject
Project("{2150E333-8FDC-42A3-9474-1A3956D46DE8}") = "src", "src", "{4649F656-05B1-4D13-A3C7-8F8B42B6658D}"
EndProject
Project("{FAE04EC0-301F-11D3-BF4B-00C04F79EFBC}") = "People.Api", "people-crud\Poeple.Api\People.Api.csproj", "{3DE12DAC-D443-4962-A829-3D3BD98C9B12}"
EndProject
Project("{FAE04EC0-301F-11D3-BF4B-00C04F79EFBC}") = "People.Application", "people-crud\People.Application\People.Application.csproj", "{EC135689-69AE-4BF4-9D8E-9088C6055ACF}"
EndProject
Project("{FAE04EC0-301F-11D3-BF4B-00C04F79EFBC}") = "People.Domain", "people-crud\People.Domain\People.Domain.csproj", "{75480B11-2CDE-462D-9CD9-F1E2388F5B7A}"
EndProject
Project("{FAE04EC0-301F-11D3-BF4B-00C04F79EFBC}") = "People.Infrastructure", "people-crud\People.Infrastructure\People.Infrastructure.csproj", "{961FA5BD-097D-4EE3-B6AE-EFF11018829C}"
EndProject
Project("{2150E333-8FDC-42A3-9474-1A3956D46DE8}") = "tests", "tests", "{F32D9082-BE33-49ED-B0C5-4867338CC614}"
EndProject
Project("{FAE04EC0-301F-11D3-BF4B-00C04F79EFBC}") = "People.Application.Tests", "people-crud\People.Application.Tests\People.Application.Tests.csproj", "{5D34BEA0-FB28-4A4D-9C58-30BCF7D04594}"
EndProject
Project("{FAE04EC0-301F-11D3-BF4B-00C04F79EFBC}") = "People.Infrastructure.Tests", "people-crud\People.Infrastructure.Tests\People.Infrastructure.Tests.csproj", "{024ADE50-AD71-49E6-9AE3-A5652F3656AA}"
EndProject
Project("{2150E333-8FDC-42A3-9474-1A3956D46DE8}") = "Solution Items", "Solution Items", "{D83D9549-7638-42B0-BC8C-AC046FC3F69D}"
	ProjectSection(SolutionItems) = preProject
		People.postman_collection.json = People.postman_collection.json
	EndProjectSection
EndProject
Global
	GlobalSection(SolutionConfigurationPlatforms) = preSolution
		Debug|Any CPU = Debug|Any CPU
		Release|Any CPU = Release|Any CPU
	EndGlobalSection
	GlobalSection(ProjectConfigurationPlatforms) = postSolution
		{5DBDF178-89D0-4852-BE54-900009E48431}.Debug|Any CPU.ActiveCfg = Debug|Any CPU
		{5DBDF178-89D0-4852-BE54-900009E48431}.Debug|Any CPU.Build.0 = Debug|Any CPU
		{5DBDF178-89D0-4852-BE54-900009E48431}.Release|Any CPU.ActiveCfg = Release|Any CPU
		{5DBDF178-89D0-4852-BE54-900009E48431}.Release|Any CPU.Build.0 = Release|Any CPU
		{E4EC950F-4843-4B73-AD40-0DEE93E7B22A}.Debug|Any CPU.ActiveCfg = Debug|Any CPU
		{E4EC950F-4843-4B73-AD40-0DEE93E7B22A}.Debug|Any CPU.Build.0 = Debug|Any CPU
		{E4EC950F-4843-4B73-AD40-0DEE93E7B22A}.Release|Any CPU.ActiveCfg = Release|Any CPU
		{E4EC950F-4843-4B73-AD40-0DEE93E7B22A}.Release|Any CPU.Build.0 = Release|Any CPU
		{3DE12DAC-D443-4962-A829-3D3BD98C9B12}.Debug|Any CPU.ActiveCfg = Debug|Any CPU
		{3DE12DAC-D443-4962-A829-3D3BD98C9B12}.Debug|Any CPU.Build.0 = Debug|Any CPU
		{3DE12DAC-D443-4962-A829-3D3BD98C9B12}.Release|Any CPU.ActiveCfg = Release|Any CPU
		{3DE12DAC-D443-4962-A829-3D3BD98C9B12}.Release|Any CPU.Build.0 = Release|Any CPU
		{EC135689-69AE-4BF4-9D8E-9088C6055ACF}.Debug|Any CPU.ActiveCfg = Debug|Any CPU
		{EC135689-69AE-4BF4-9D8E-9088C6055ACF}.Debug|Any CPU.Build.0 = Debug|Any CPU
		{EC135689-69AE-4BF4-9D8E-9088C6055ACF}.Release|Any CPU.ActiveCfg = Release|Any CPU
		{EC135689-69AE-4BF4-9D8E-9088C6055ACF}.Release|Any CPU.Build.0 = Release|Any CPU
		{75480B11-2CDE-462D-9CD9-F1E2388F5B7A}.Debug|Any CPU.ActiveCfg = Debug|Any CPU
		{75480B11-2CDE-462D-9CD9-F1E2388F5B7A}.Debug|Any CPU.Build.0 = Debug|Any CPU
		{75480B11-2CDE-462D-9CD9-F1E2388F5B7A}.Release|Any CPU.ActiveCfg = Release|Any CPU
		{75480B11-2CDE-462D-9CD9-F1E2388F5B7A}.Release|Any CPU.Build.0 = Release|Any CPU
		{961FA5BD-097D-4EE3-B6AE-EFF11018829C}.Debug|Any CPU.ActiveCfg = Debug|Any CPU
		{961FA5BD-097D-4EE3-B6AE-EFF11018829C}.Debug|Any CPU.Build.0 = Debug|Any CPU
		{961FA5BD-097D-4EE3-B6AE-EFF11018829C}.Release|Any CPU.ActiveCfg = Release|Any CPU
		{961FA5BD-097D-4EE3-B6AE-EFF11018829C}.Release|Any CPU.Build.0 = Release|Any CPU
		{5D34BEA0-FB28-4A4D-9C58-30BCF7D04594}.Debug|Any CPU.ActiveCfg = Debug|Any CPU
		{5D34BEA0-FB28-4A4D-9C58-30BCF7D04594}.Debug|Any CPU.Build.0 = Debug|Any CPU
		{5D34BEA0-FB28-4A4D-9C58-30BCF7D04594}.Release|Any CPU.ActiveCfg = Release|Any CPU
		{5D34BEA0-FB28-4A4D-9C58-30BCF7D04594}.Release|Any CPU.Build.0 = Release|Any CPU
		{024ADE50-AD71-49E6-9AE3-A5652F3656AA}.Debug|Any CPU.ActiveCfg = Debug|Any CPU
		{024ADE50-AD71-49E6-9AE3-A5652F3656AA}.Debug|Any CPU.Build.0 = Debug|Any CPU
		{024ADE50-AD71-49E6-9AE3-A5652F3656AA}.Release|Any CPU.ActiveCfg = Release|Any CPU
		{024ADE50-AD71-49E6-9AE3-A5652F3656AA}.Release|Any CPU.Build.0 = Release|Any CPU
	EndGlobalSection
	GlobalSection(SolutionProperties) = preSolution
		HideSolutionNode = FALSE
	EndGlobalSection
	GlobalSection(NestedProjects) = preSolution
		{5DBDF178-89D0-4852-BE54-900009E48431} = {B0710E44-79C3-4D92-9466-CFCDC8CF6BEC}
		{E4EC950F-4843-4B73-AD40-0DEE93E7B22A} = {B0710E44-79C3-4D92-9466-CFCDC8CF6BEC}
		{4649F656-05B1-4D13-A3C7-8F8B42B6658D} = {C55CD1D0-D8E0-4716-8412-86ACF1D01CDF}
		{3DE12DAC-D443-4962-A829-3D3BD98C9B12} = {4649F656-05B1-4D13-A3C7-8F8B42B6658D}
		{EC135689-69AE-4BF4-9D8E-9088C6055ACF} = {4649F656-05B1-4D13-A3C7-8F8B42B6658D}
		{75480B11-2CDE-462D-9CD9-F1E2388F5B7A} = {4649F656-05B1-4D13-A3C7-8F8B42B6658D}
		{961FA5BD-097D-4EE3-B6AE-EFF11018829C} = {4649F656-05B1-4D13-A3C7-8F8B42B6658D}
		{F32D9082-BE33-49ED-B0C5-4867338CC614} = {C55CD1D0-D8E0-4716-8412-86ACF1D01CDF}
		{5D34BEA0-FB28-4A4D-9C58-30BCF7D04594} = {F32D9082-BE33-49ED-B0C5-4867338CC614}
		{024ADE50-AD71-49E6-9AE3-A5652F3656AA} = {F32D9082-BE33-49ED-B0C5-4867338CC614}
	EndGlobalSection
	GlobalSection(ExtensibilityGlobals) = postSolution
		SolutionGuid = {64E7E4AD-9054-44E4-8D4F-AC4EBCD61365}
	EndGlobalSection
EndGlobal
